
Microsoft Visual Studio Solution File, Format Version 12.00
# Visual Studio 14
VisualStudioVersion = 14.0.25420.1
MinimumVisualStudioVersion = 10.0.40219.1
Project("{FAE04EC0-301F-11D3-BF4B-00C04F79EFBC}") = "tddbcosaka", "tddbcosaka\tddbcosaka.csproj", "{2F1B237F-F3E0-4B1C-8F40-CBCBB700A0AE}"
EndProject
Project("{FAE04EC0-301F-11D3-BF4B-00C04F79EFBC}") = "tddbcosaka.Tests", "tddbcosaka.Tests\tddbcosaka.Tests.csproj", "{B6BAE326-8F42-40E2-B164-F41AA86BD9B1}"
EndProject
Global
	GlobalSection(SolutionConfigurationPlatforms) = preSolution
		Debug|Any CPU = Debug|Any CPU
		Release|Any CPU = Release|Any CPU
	EndGlobalSection
	GlobalSection(ProjectConfigurationPlatforms) = postSolution
		{2F1B237F-F3E0-4B1C-8F40-CBCBB700A0AE}.Debug|Any CPU.ActiveCfg = Debug|Any CPU
		{2F1B237F-F3E0-4B1C-8F40-CBCBB700A0AE}.Debug|Any CPU.Build.0 = Debug|Any CPU
		{2F1B237F-F3E0-4B1C-8F40-CBCBB700A0AE}.Release|Any CPU.ActiveCfg = Release|Any CPU
		{2F1B237F-F3E0-4B1C-8F40-CBCBB700A0AE}.Release|Any CPU.Build.0 = Release|Any CPU
		{B6BAE326-8F42-40E2-B164-F41AA86BD9B1}.Debug|Any CPU.ActiveCfg = Debug|Any CPU
		{B6BAE326-8F42-40E2-B164-F41AA86BD9B1}.Debug|Any CPU.Build.0 = Debug|Any CPU
		{B6BAE326-8F42-40E2-B164-F41AA86BD9B1}.Release|Any CPU.ActiveCfg = Release|Any CPU
		{B6BAE326-8F42-40E2-B164-F41AA86BD9B1}.Release|Any CPU.Build.0 = Release|Any CPU
	EndGlobalSection
	GlobalSection(SolutionProperties) = preSolution
		HideSolutionNode = FALSE
	EndGlobalSection
EndGlobal
